<?xml version="1.0" encoding="UTF-8"?>
<CONFIG>
  <ProjectOptions>
    <Version Value="10"/>
    <PathDelim Value="\"/>
    <General>
      <SessionStorage Value="InProjectDir"/>
      <MainUnit Value="0"/>
      <Title Value="PascalCoinUnitTests"/>
      <ResourceType Value="res"/>
      <UseXPManifest Value="True"/>
    </General>
    <BuildModes Count="1">
      <Item1 Name="Default" Default="True"/>
    </BuildModes>
    <PublishOptions>
      <Version Value="2"/>
    </PublishOptions>
    <RunParams>
      <local>
        <FormatVersion Value="1"/>
      </local>
    </RunParams>
    <RequiredPackages Count="3">
      <Item1>
        <PackageName Value="fpcunittestrunner"/>
      </Item1>
      <Item2>
        <PackageName Value="LCL"/>
      </Item2>
      <Item3>
        <PackageName Value="FCL"/>
      </Item3>
    </RequiredPackages>
    <Units Count="17">
      <Unit0>
        <Filename Value="PascalCoinUnitTests.lpr"/>
        <IsPartOfProject Value="True"/>
        <UnitName Value="UPascalCoinUnitTests"/>
      </Unit0>
      <Unit1>
        <Filename Value="..\core\URandomHash.pas"/>
        <IsPartOfProject Value="True"/>
      </Unit1>
      <Unit2>
        <Filename Value="..\libraries\pascalcoin\UUnitTests.pas"/>
        <IsPartOfProject Value="True"/>
      </Unit2>
      <Unit3>
        <Filename Value="..\libraries\generics.collections\generics.collections.pas"/>
        <IsPartOfProject Value="True"/>
        <UnitName Value="Generics.Collections"/>
      </Unit3>
      <Unit4>
        <Filename Value="..\libraries\generics.collections\generics.defaults.pas"/>
        <IsPartOfProject Value="True"/>
      </Unit4>
      <Unit5>
        <Filename Value="..\libraries\generics.collections\generics.hashes.pas"/>
        <IsPartOfProject Value="True"/>
      </Unit5>
      <Unit6>
        <Filename Value="..\libraries\generics.collections\generics.helpers.pas"/>
        <IsPartOfProject Value="True"/>
        <UnitName Value="Generics.Helpers"/>
      </Unit6>
      <Unit7>
        <Filename Value="..\libraries\generics.collections\generics.memoryexpanders.pas"/>
        <IsPartOfProject Value="True"/>
      </Unit7>
      <Unit8>
        <Filename Value="..\libraries\generics.collections\generics.strings.pas"/>
        <IsPartOfProject Value="True"/>
      </Unit8>
      <Unit9>
        <Filename Value="..\libraries\sphere10\UMemory.pas"/>
        <IsPartOfProject Value="True"/>
      </Unit9>
      <Unit10>
        <Filename Value="..\libraries\sphere10\UCommon.pas"/>
        <IsPartOfProject Value="True"/>
      </Unit10>
      <Unit11>
        <Filename Value="URandomHashTests.pas"/>
        <IsPartOfProject Value="True"/>
      </Unit11>
      <Unit12>
        <Filename Value="..\libraries\sphere10\UCommon.Collections.pas"/>
        <IsPartOfProject Value="True"/>
      </Unit12>
      <Unit13>
        <Filename Value="UCommon.Collections.Tests.pas"/>
        <IsPartOfProject Value="True"/>
      </Unit13>
      <Unit14>
        <Filename Value="UCommon.Tests.pas"/>
        <IsPartOfProject Value="True"/>
      </Unit14>
      <Unit15>
        <Filename Value="UMemory.Tests.pas"/>
        <IsPartOfProject Value="True"/>
      </Unit15>
      <Unit16>
        <Filename Value="UThread.Tests.pas"/>
        <IsPartOfProject Value="True"/>
      </Unit16>
    </Units>
  </ProjectOptions>
  <CompilerOptions>
    <Version Value="11"/>
    <PathDelim Value="\"/>
    <Target>
      <Filename Value=".\bin\PascalCoinUnitTests"/>
    </Target>
    <SearchPaths>
      <IncludeFiles Value="$(ProjOutDir);..\..\src"/>
      <OtherUnitFiles Value="..\..\src;..\core;..\libraries\generics.collections;..\libraries\hashlib4pascal;..\libraries\sphere10;..\libraries\pascalcoin"/>
      <UnitOutputDirectory Value="lib\$(TargetCPU)-$(TargetOS)"/>
    </SearchPaths>
    <Linking>
      <Options>
        <PassLinkerOptions Value="True"/>
        <LinkerOptions Value=" -dUseCThreads"/>
        <Win32>
          <GraphicApplication Value="True"/>
        </Win32>
      </Options>
    </Linking>
    <Other>
      <CustomOptions Value="-dUNITTESTS"/>
    </Other>
  </CompilerOptions>
  <Debugging>
    <Exceptions Count="5">
      <Item1>
        <Name Value="EAbort"/>
      </Item1>
      <Item2>
        <Name Value="ECodetoolError"/>
      </Item2>
      <Item3>
        <Name Value="EFOpenError"/>
      </Item3>
      <Item4>
        <Name Value="EAssertionFailedError"/>
      </Item4>
      <Item5>
        <Name Value="EArgumentOutOfRangeException"/>
      </Item5>
    </Exceptions>
  </Debugging>
</CONFIG>
