<Project xmlns="http://schemas.microsoft.com/developer/msbuild/2003">
    <PropertyGroup>
        <ProjectGuid>{A6D21B47-6351-44BA-84E4-A593E81DC3BA}</ProjectGuid>
        <ProjectVersion>18.4</ProjectVersion>
        <FrameworkType>VCL</FrameworkType>
        <MainSource>PascalCoinWalletClassic.dpr</MainSource>
        <Base>True</Base>
        <Config Condition="'$(Config)'==''">Debug</Config>
        <Platform Condition="'$(Platform)'==''">Win32</Platform>
        <TargetedPlatforms>3</TargetedPlatforms>
        <AppType>Application</AppType>
    </PropertyGroup>
    <PropertyGroup Condition="'$(Config)'=='Base' or '$(Base)'!=''">
        <Base>true</Base>
    </PropertyGroup>
    <PropertyGroup Condition="('$(Platform)'=='Win32' and '$(Base)'=='true') or '$(Base_Win32)'!=''">
        <Base_Win32>true</Base_Win32>
        <CfgParent>Base</CfgParent>
        <Base>true</Base>
    </PropertyGroup>
    <PropertyGroup Condition="('$(Platform)'=='Win64' and '$(Base)'=='true') or '$(Base_Win64)'!=''">
        <Base_Win64>true</Base_Win64>
        <CfgParent>Base</CfgParent>
        <Base>true</Base>
    </PropertyGroup>
    <PropertyGroup Condition="'$(Config)'=='Debug' or '$(Cfg_1)'!=''">
        <Cfg_1>true</Cfg_1>
        <CfgParent>Base</CfgParent>
        <Base>true</Base>
    </PropertyGroup>
    <PropertyGroup Condition="('$(Platform)'=='Win32' and '$(Cfg_1)'=='true') or '$(Cfg_1_Win32)'!=''">
        <Cfg_1_Win32>true</Cfg_1_Win32>
        <CfgParent>Cfg_1</CfgParent>
        <Cfg_1>true</Cfg_1>
        <Base>true</Base>
    </PropertyGroup>
    <PropertyGroup Condition="('$(Platform)'=='Win64' and '$(Cfg_1)'=='true') or '$(Cfg_1_Win64)'!=''">
        <Cfg_1_Win64>true</Cfg_1_Win64>
        <CfgParent>Cfg_1</CfgParent>
        <Cfg_1>true</Cfg_1>
        <Base>true</Base>
    </PropertyGroup>
    <PropertyGroup Condition="'$(Config)'=='Release' or '$(Cfg_2)'!=''">
        <Cfg_2>true</Cfg_2>
        <CfgParent>Base</CfgParent>
        <Base>true</Base>
    </PropertyGroup>
    <PropertyGroup Condition="('$(Platform)'=='Win32' and '$(Cfg_2)'=='true') or '$(Cfg_2_Win32)'!=''">
        <Cfg_2_Win32>true</Cfg_2_Win32>
        <CfgParent>Cfg_2</CfgParent>
        <Cfg_2>true</Cfg_2>
        <Base>true</Base>
    </PropertyGroup>
    <PropertyGroup Condition="('$(Platform)'=='Win64' and '$(Cfg_2)'=='true') or '$(Cfg_2_Win64)'!=''">
        <Cfg_2_Win64>true</Cfg_2_Win64>
        <CfgParent>Cfg_2</CfgParent>
        <Cfg_2>true</Cfg_2>
        <Base>true</Base>
    </PropertyGroup>
    <PropertyGroup Condition="'$(Base)'!=''">
        <DCC_DcuOutput>.\$(Platform)\$(Config)</DCC_DcuOutput>
        <DCC_ExeOutput>.\$(Platform)\$(Config)</DCC_ExeOutput>
        <DCC_E>false</DCC_E>
        <DCC_N>false</DCC_N>
        <DCC_S>false</DCC_S>
        <DCC_F>false</DCC_F>
        <DCC_K>false</DCC_K>
        <DCC_UsePackage>RESTComponents;emsclientfiredac;DataSnapFireDAC;FireDACIBDriver;emsclient;FireDACCommon;RESTBackendComponents;soapserver;CloudService;FireDACCommonDriver;inet;FireDAC;FireDACSqliteDriver;soaprtl;soapmidas;$(DCC_UsePackage)</DCC_UsePackage>
        <DCC_Namespace>System;Xml;Data;Datasnap;Web;Soap;Vcl;Vcl.Imaging;Vcl.Touch;Vcl.Samples;Vcl.Shell;$(DCC_Namespace)</DCC_Namespace>
        <Icon_MainIcon>$(BDS)\bin\delphi_PROJECTICON.ico</Icon_MainIcon>
        <UWP_DelphiLogo44>$(BDS)\bin\Artwork\Windows\UWP\delphi_UwpDefault_44.png</UWP_DelphiLogo44>
        <UWP_DelphiLogo150>$(BDS)\bin\Artwork\Windows\UWP\delphi_UwpDefault_150.png</UWP_DelphiLogo150>
        <SanitizedProjectName>PascalCoinWalletClassic</SanitizedProjectName>
    </PropertyGroup>
    <PropertyGroup Condition="'$(Base_Win32)'!=''">
        <DCC_UsePackage>DBXSqliteDriver;DataSnapServerMidas;DBXDb2Driver;DBXInterBaseDriver;vclactnband;vclFireDAC;DelphiUnitsGraphicsTPixelMapVersion001;svnui;tethering;FireDACADSDriver;AVDCommon_D11;DBXMSSQLDriver;DatasnapConnectorsFreePascal;FireDACMSSQLDriver;vcltouch;vcldb;bindcompfmx;svn;Intraweb;DBXOracleDriver;inetdb;HostASIO_D11;FmxTeeUI;emsedge;fmx;fmxdae;vclib;DelphiUnitsGUIControlsTPixelMapControlVersion001;FireDACDBXDriver;dbexpress;IndyCore;vclx;dsnap;DataSnapCommon;DataSnapConnectors;VCLRESTComponents;vclie;bindengine;DBXMySQLDriver;FireDACOracleDriver;FireDACMySQLDriver;DBXFirebirdDriver;FireDACCommonODBC;DataSnapClient;bindcompdbx;IndyIPCommon;vcl;DBXSybaseASEDriver;IndyIPServer;IndySystem;FireDACDb2Driver;dsnapcon;FireDACMSAccDriver;fmxFireDAC;FireDACInfxDriver;vclimg;TeeDB;emshosting;FireDACPgDriver;ibmonitor;FireDACASADriver;DBXOdbcDriver;FireDACTDataDriver;FMXTee;DbxCommonDriver;ibxpress;Tee;DataSnapServer;xmlrtl;DataSnapNativeClient;fmxobj;vclwinx;ibxbindings;rtl;FireDACDSDriver;DbxClientDriver;DBXSybaseASADriver;CustomIPTransport;vcldsnap;SynEditDR;bindcomp;appanalytics;DBXInformixDriver;IndyIPClient;bindcompvcl;TeeUI;dbxcds;VclSmp;adortl;FireDACODBCDriver;DataSnapIndy10ServerTransport;dsnapxml;DataSnapProviderClient;dbrtl;inetdbxpress;FireDACMongoDBDriver;IndyProtocols;fmxase;$(DCC_UsePackage)</DCC_UsePackage>
        <DCC_Namespace>Winapi;System.Win;Data.Win;Datasnap.Win;Web.Win;Soap.Win;Xml.Win;Bde;$(DCC_Namespace)</DCC_Namespace>
        <BT_BuildType>Debug</BT_BuildType>
        <VerInfo_IncludeVerInfo>true</VerInfo_IncludeVerInfo>
        <VerInfo_Keys>CompanyName=;FileDescription=$(MSBuildProjectName);FileVersion=1.0.0.0;InternalName=;LegalCopyright=;LegalTrademarks=;OriginalFilename=;ProgramID=com.embarcadero.$(MSBuildProjectName);ProductName=$(MSBuildProjectName);ProductVersion=1.0.0.0;Comments=</VerInfo_Keys>
        <VerInfo_Locale>1033</VerInfo_Locale>
        <Manifest_File>$(BDS)\bin\default_app.manifest</Manifest_File>
    </PropertyGroup>
    <PropertyGroup Condition="'$(Base_Win64)'!=''">
        <DCC_UsePackage>DBXSqliteDriver;DataSnapServerMidas;DBXDb2Driver;DBXInterBaseDriver;vclactnband;vclFireDAC;tethering;FireDACADSDriver;DBXMSSQLDriver;DatasnapConnectorsFreePascal;FireDACMSSQLDriver;vcltouch;vcldb;bindcompfmx;Intraweb;DBXOracleDriver;inetdb;FmxTeeUI;emsedge;fmx;fmxdae;vclib;FireDACDBXDriver;dbexpress;IndyCore;vclx;dsnap;DataSnapCommon;DataSnapConnectors;VCLRESTComponents;vclie;bindengine;DBXMySQLDriver;FireDACOracleDriver;FireDACMySQLDriver;DBXFirebirdDriver;FireDACCommonODBC;DataSnapClient;bindcompdbx;IndyIPCommon;vcl;DBXSybaseASEDriver;IndyIPServer;IndySystem;FireDACDb2Driver;dsnapcon;FireDACMSAccDriver;fmxFireDAC;FireDACInfxDriver;vclimg;TeeDB;emshosting;FireDACPgDriver;ibmonitor;FireDACASADriver;DBXOdbcDriver;FireDACTDataDriver;FMXTee;DbxCommonDriver;ibxpress;Tee;DataSnapServer;xmlrtl;DataSnapNativeClient;fmxobj;vclwinx;ibxbindings;rtl;FireDACDSDriver;DbxClientDriver;DBXSybaseASADriver;CustomIPTransport;vcldsnap;SynEditDR;bindcomp;appanalytics;DBXInformixDriver;IndyIPClient;bindcompvcl;TeeUI;dbxcds;VclSmp;adortl;FireDACODBCDriver;DataSnapIndy10ServerTransport;dsnapxml;DataSnapProviderClient;dbrtl;inetdbxpress;FireDACMongoDBDriver;IndyProtocols;fmxase;$(DCC_UsePackage)</DCC_UsePackage>
        <DCC_Namespace>Winapi;System.Win;Data.Win;Datasnap.Win;Web.Win;Soap.Win;Xml.Win;$(DCC_Namespace)</DCC_Namespace>
        <BT_BuildType>Debug</BT_BuildType>
        <VerInfo_IncludeVerInfo>true</VerInfo_IncludeVerInfo>
        <VerInfo_Keys>CompanyName=;FileDescription=$(MSBuildProjectName);FileVersion=1.0.0.0;InternalName=;LegalCopyright=;LegalTrademarks=;OriginalFilename=;ProgramID=com.embarcadero.$(MSBuildProjectName);ProductName=$(MSBuildProjectName);ProductVersion=1.0.0.0;Comments=</VerInfo_Keys>
        <VerInfo_Locale>1033</VerInfo_Locale>
        <Manifest_File>$(BDS)\bin\default_app.manifest</Manifest_File>
    </PropertyGroup>
    <PropertyGroup Condition="'$(Cfg_1)'!=''">
        <DCC_Define>DEBUG;$(DCC_Define)</DCC_Define>
        <DCC_DebugDCUs>true</DCC_DebugDCUs>
        <DCC_Optimize>false</DCC_Optimize>
        <DCC_GenerateStackFrames>true</DCC_GenerateStackFrames>
        <DCC_DebugInfoInExe>true</DCC_DebugInfoInExe>
        <DCC_RemoteDebug>true</DCC_RemoteDebug>
    </PropertyGroup>
    <PropertyGroup Condition="'$(Cfg_1_Win32)'!=''">
        <DCC_RemoteDebug>false</DCC_RemoteDebug>
        <AppEnableRuntimeThemes>true</AppEnableRuntimeThemes>
        <AppEnableHighDPI>true</AppEnableHighDPI>
    </PropertyGroup>
    <PropertyGroup Condition="'$(Cfg_1_Win64)'!=''">
        <AppEnableRuntimeThemes>true</AppEnableRuntimeThemes>
        <AppEnableHighDPI>true</AppEnableHighDPI>
    </PropertyGroup>
    <PropertyGroup Condition="'$(Cfg_2)'!=''">
        <DCC_LocalDebugSymbols>false</DCC_LocalDebugSymbols>
        <DCC_Define>RELEASE;$(DCC_Define)</DCC_Define>
        <DCC_SymbolReferenceInfo>0</DCC_SymbolReferenceInfo>
        <DCC_DebugInformation>0</DCC_DebugInformation>
    </PropertyGroup>
    <PropertyGroup Condition="'$(Cfg_2_Win32)'!=''">
        <AppEnableRuntimeThemes>true</AppEnableRuntimeThemes>
        <AppEnableHighDPI>true</AppEnableHighDPI>
    </PropertyGroup>
    <PropertyGroup Condition="'$(Cfg_2_Win64)'!=''">
        <AppEnableRuntimeThemes>true</AppEnableRuntimeThemes>
        <AppEnableHighDPI>true</AppEnableHighDPI>
    </PropertyGroup>
    <ItemGroup>
        <DelphiCompile Include="$(MainSource)">
            <MainSource>MainSource</MainSource>
        </DelphiCompile>
        <DCCReference Include="core\UAccountKeyStorage.pas"/>
        <DCCReference Include="core\UAccounts.pas"/>
        <DCCReference Include="core\UAES.pas"/>
        <DCCReference Include="core\UBaseTypes.pas"/>
        <DCCReference Include="core\UBlockChain.pas"/>
        <DCCReference Include="core\UChunk.pas"/>
        <DCCReference Include="core\UConst.pas"/>
        <DCCReference Include="core\UCrypto.pas"/>
        <DCCReference Include="core\UECIES.pas"/>
        <DCCReference Include="core\UFileStorage.pas"/>
        <DCCReference Include="core\ULog.pas"/>
        <DCCReference Include="core\UNetProtocol.pas"/>
        <DCCReference Include="core\UNode.pas"/>
        <DCCReference Include="core\UOpenSSL.pas"/>
        <DCCReference Include="core\UOpenSSLdef.pas"/>
        <DCCReference Include="core\UOpTransaction.pas"/>
        <DCCReference Include="core\URandomHash.pas"/>
        <DCCReference Include="core\URPC.pas"/>
        <DCCReference Include="core\USettings.pas"/>
        <DCCReference Include="core\USha256.pas"/>
        <DCCReference Include="core\UTCPIP.pas"/>
        <DCCReference Include="core\UThread.pas"/>
        <DCCReference Include="core\UTime.pas"/>
        <DCCReference Include="core\UTxMultiOperation.pas"/>
        <DCCReference Include="core\UWallet.pas"/>
        <DCCReference Include="gui-classic\UFRMAbout.pas">
            <Form>FRMAbout</Form>
            <FormType>dfm</FormType>
        </DCCReference>
        <DCCReference Include="gui-classic\UFRMAccountInfo.pas">
            <Form>FRMAccountInfo</Form>
            <FormType>dfm</FormType>
        </DCCReference>
        <DCCReference Include="gui-classic\UFRMAccountSelect.pas">
            <Form>FRMAccountSelect</Form>
            <FormType>dfm</FormType>
        </DCCReference>
        <DCCReference Include="gui-classic\UFRMMemoText.pas">
            <Form>FRMMemoText</Form>
            <FormType>dfm</FormType>
        </DCCReference>
        <DCCReference Include="gui-classic\UFRMNewPrivateKeyType.pas">
            <Form>FRMNewPrivateKeyType</Form>
            <FormType>dfm</FormType>
        </DCCReference>
        <DCCReference Include="gui-classic\UFRMNodesIp.pas">
            <Form>FRMNodesIp</Form>
            <FormType>dfm</FormType>
        </DCCReference>
        <DCCReference Include="gui-classic\UFRMOperation.pas">
            <Form>FRMOperation</Form>
            <FormType>dfm</FormType>
        </DCCReference>
        <DCCReference Include="gui-classic\UFRMOperationsExplorer.pas">
            <Form>FRMOperationsExplorer</Form>
            <FormType>dfm</FormType>
        </DCCReference>
        <DCCReference Include="gui-classic\UFRMPascalCoinWalletConfig.pas">
            <Form>FRMPascalCoinWalletConfig</Form>
            <FormType>dfm</FormType>
        </DCCReference>
        <DCCReference Include="gui-classic\UFRMPayloadDecoder.pas">
            <Form>FRMPayloadDecoder</Form>
            <FormType>dfm</FormType>
        </DCCReference>
        <DCCReference Include="gui-classic\UFRMRandomOperations.pas">
            <Form>FRMRandomOperations</Form>
            <FormType>dfm</FormType>
        </DCCReference>
        <DCCReference Include="gui-classic\UFRMRPCCalls.pas">
            <Form>FRMRPCCalls</Form>
            <FormType>dfm</FormType>
        </DCCReference>
        <DCCReference Include="gui-classic\UFRMWallet.pas">
            <Form>FRMWallet</Form>
            <FormType>dfm</FormType>
        </DCCReference>
        <DCCReference Include="gui-classic\UFRMWalletKeys.pas">
            <Form>FRMWalletKeys</Form>
            <FormType>dfm</FormType>
        </DCCReference>
        <DCCReference Include="libraries\hashlib4pascal\HlpAdler32.pas"/>
        <DCCReference Include="libraries\hashlib4pascal\HlpAP.pas"/>
        <DCCReference Include="libraries\hashlib4pascal\HlpBernstein.pas"/>
        <DCCReference Include="libraries\hashlib4pascal\HlpBernstein1.pas"/>
        <DCCReference Include="libraries\hashlib4pascal\HlpBitConverter.pas"/>
        <DCCReference Include="libraries\hashlib4pascal\HlpBits.pas"/>
        <DCCReference Include="libraries\hashlib4pascal\HlpBKDR.pas"/>
        <DCCReference Include="libraries\hashlib4pascal\HlpBlake2B.pas"/>
        <DCCReference Include="libraries\hashlib4pascal\HlpBlake2BConfig.pas"/>
        <DCCReference Include="libraries\hashlib4pascal\HlpBlake2BIvBuilder.pas"/>
        <DCCReference Include="libraries\hashlib4pascal\HlpBlake2BTreeConfig.pas"/>
        <DCCReference Include="libraries\hashlib4pascal\HlpBlake2S.pas"/>
        <DCCReference Include="libraries\hashlib4pascal\HlpBlake2SConfig.pas"/>
        <DCCReference Include="libraries\hashlib4pascal\HlpBlake2SIvBuilder.pas"/>
        <DCCReference Include="libraries\hashlib4pascal\HlpBlake2STreeConfig.pas"/>
        <DCCReference Include="libraries\hashlib4pascal\HlpConverters.pas"/>
        <DCCReference Include="libraries\hashlib4pascal\HlpCRC.pas"/>
        <DCCReference Include="libraries\hashlib4pascal\HlpCRC16.pas"/>
        <DCCReference Include="libraries\hashlib4pascal\HlpCRC32.pas"/>
        <DCCReference Include="libraries\hashlib4pascal\HlpCRC64.pas"/>
        <DCCReference Include="libraries\hashlib4pascal\HlpDEK.pas"/>
        <DCCReference Include="libraries\hashlib4pascal\HlpDJB.pas"/>
        <DCCReference Include="libraries\hashlib4pascal\HlpELF.pas"/>
        <DCCReference Include="libraries\hashlib4pascal\HlpFNV.pas"/>
        <DCCReference Include="libraries\hashlib4pascal\HlpFNV1a.pas"/>
        <DCCReference Include="libraries\hashlib4pascal\HlpFNV1a64.pas"/>
        <DCCReference Include="libraries\hashlib4pascal\HlpFNV64.pas"/>
        <DCCReference Include="libraries\hashlib4pascal\HlpGost.pas"/>
        <DCCReference Include="libraries\hashlib4pascal\HlpGOST3411_2012.pas"/>
        <DCCReference Include="libraries\hashlib4pascal\HlpGrindahl256.pas"/>
        <DCCReference Include="libraries\hashlib4pascal\HlpGrindahl512.pas"/>
        <DCCReference Include="libraries\hashlib4pascal\HlpHAS160.pas"/>
        <DCCReference Include="libraries\hashlib4pascal\HlpHash.pas"/>
        <DCCReference Include="libraries\hashlib4pascal\HlpHashBuffer.pas"/>
        <DCCReference Include="libraries\hashlib4pascal\HlpHashCryptoNotBuildIn.pas"/>
        <DCCReference Include="libraries\hashlib4pascal\HlpHashFactory.pas"/>
        <DCCReference Include="libraries\hashlib4pascal\HlpHashLibTypes.pas"/>
        <DCCReference Include="libraries\hashlib4pascal\HlpHashResult.pas"/>
        <DCCReference Include="libraries\hashlib4pascal\HlpHashRounds.pas"/>
        <DCCReference Include="libraries\hashlib4pascal\HlpHashSize.pas"/>
        <DCCReference Include="libraries\hashlib4pascal\HlpHaval.pas"/>
        <DCCReference Include="libraries\hashlib4pascal\HlpHMACNotBuildInAdapter.pas"/>
        <DCCReference Include="libraries\hashlib4pascal\HlpIBlake2BConfig.pas"/>
        <DCCReference Include="libraries\hashlib4pascal\HlpIBlake2BTreeConfig.pas"/>
        <DCCReference Include="libraries\hashlib4pascal\HlpIBlake2SConfig.pas"/>
        <DCCReference Include="libraries\hashlib4pascal\HlpIBlake2STreeConfig.pas"/>
        <DCCReference Include="libraries\hashlib4pascal\HlpICRC.pas"/>
        <DCCReference Include="libraries\hashlib4pascal\HlpIHash.pas"/>
        <DCCReference Include="libraries\hashlib4pascal\HlpIHashInfo.pas"/>
        <DCCReference Include="libraries\hashlib4pascal\HlpIHashResult.pas"/>
        <DCCReference Include="libraries\hashlib4pascal\HlpIKDF.pas"/>
        <DCCReference Include="libraries\hashlib4pascal\HlpJenkins3.pas"/>
        <DCCReference Include="libraries\hashlib4pascal\HlpJS.pas"/>
        <DCCReference Include="libraries\hashlib4pascal\HlpKDF.pas"/>
        <DCCReference Include="libraries\hashlib4pascal\HlpMD2.pas"/>
        <DCCReference Include="libraries\hashlib4pascal\HlpMD4.pas"/>
        <DCCReference Include="libraries\hashlib4pascal\HlpMD5.pas"/>
        <DCCReference Include="libraries\hashlib4pascal\HlpMDBase.pas"/>
        <DCCReference Include="libraries\hashlib4pascal\HlpMultipleTransformNonBlock.pas"/>
        <DCCReference Include="libraries\hashlib4pascal\HlpMurmur2.pas"/>
        <DCCReference Include="libraries\hashlib4pascal\HlpMurmur2_64.pas"/>
        <DCCReference Include="libraries\hashlib4pascal\HlpMurmurHash3_x64_128.pas"/>
        <DCCReference Include="libraries\hashlib4pascal\HlpMurmurHash3_x86_32.pas"/>
        <DCCReference Include="libraries\hashlib4pascal\HlpMurmurHash3_x86_128.pas"/>
        <DCCReference Include="libraries\hashlib4pascal\HlpNullable.pas"/>
        <DCCReference Include="libraries\hashlib4pascal\HlpNullDigest.pas"/>
        <DCCReference Include="libraries\hashlib4pascal\HlpOneAtTime.pas"/>
        <DCCReference Include="libraries\hashlib4pascal\HlpPanama.pas"/>
        <DCCReference Include="libraries\hashlib4pascal\HlpPBKDF2_HMACNotBuildInAdapter.pas"/>
        <DCCReference Include="libraries\hashlib4pascal\HlpPJW.pas"/>
        <DCCReference Include="libraries\hashlib4pascal\HlpRadioGatun32.pas"/>
        <DCCReference Include="libraries\hashlib4pascal\HlpRadioGatun64.pas"/>
        <DCCReference Include="libraries\hashlib4pascal\HlpRIPEMD.pas"/>
        <DCCReference Include="libraries\hashlib4pascal\HlpRIPEMD128.pas"/>
        <DCCReference Include="libraries\hashlib4pascal\HlpRIPEMD160.pas"/>
        <DCCReference Include="libraries\hashlib4pascal\HlpRIPEMD256.pas"/>
        <DCCReference Include="libraries\hashlib4pascal\HlpRIPEMD320.pas"/>
        <DCCReference Include="libraries\hashlib4pascal\HlpRotating.pas"/>
        <DCCReference Include="libraries\hashlib4pascal\HlpRS.pas"/>
        <DCCReference Include="libraries\hashlib4pascal\HlpSDBM.pas"/>
        <DCCReference Include="libraries\hashlib4pascal\HlpSHA0.pas"/>
        <DCCReference Include="libraries\hashlib4pascal\HlpSHA1.pas"/>
        <DCCReference Include="libraries\hashlib4pascal\HlpSHA2_224.pas"/>
        <DCCReference Include="libraries\hashlib4pascal\HlpSHA2_256.pas"/>
        <DCCReference Include="libraries\hashlib4pascal\HlpSHA2_256Base.pas"/>
        <DCCReference Include="libraries\hashlib4pascal\HlpSHA2_384.pas"/>
        <DCCReference Include="libraries\hashlib4pascal\HlpSHA2_512.pas"/>
        <DCCReference Include="libraries\hashlib4pascal\HlpSHA2_512_224.pas"/>
        <DCCReference Include="libraries\hashlib4pascal\HlpSHA2_512_256.pas"/>
        <DCCReference Include="libraries\hashlib4pascal\HlpSHA2_512Base.pas"/>
        <DCCReference Include="libraries\hashlib4pascal\HlpSHA3.pas"/>
        <DCCReference Include="libraries\hashlib4pascal\HlpShiftAndXor.pas"/>
        <DCCReference Include="libraries\hashlib4pascal\HlpSipHash.pas"/>
        <DCCReference Include="libraries\hashlib4pascal\HlpSnefru.pas"/>
        <DCCReference Include="libraries\hashlib4pascal\HlpSuperFast.pas"/>
        <DCCReference Include="libraries\hashlib4pascal\HlpTiger.pas"/>
        <DCCReference Include="libraries\hashlib4pascal\HlpTiger2.pas"/>
        <DCCReference Include="libraries\hashlib4pascal\HlpWhirlPool.pas"/>
        <DCCReference Include="libraries\hashlib4pascal\HlpXXHash32.pas"/>
        <DCCReference Include="libraries\hashlib4pascal\HlpXXHash64.pas"/>
        <DCCReference Include="libraries\sphere10\UCommon.pas"/>
        <DCCReference Include="libraries\sphere10\UMemory.pas"/>
        <DCCReference Include="libraries\synapse\blcksock.pas"/>
        <DCCReference Include="libraries\synapse\synacode.pas"/>
        <DCCReference Include="libraries\synapse\synafpc.pas"/>
        <DCCReference Include="libraries\synapse\synaip.pas"/>
        <DCCReference Include="libraries\synapse\synautil.pas"/>
        <DCCReference Include="libraries\synapse\httpsend.pas"/>
        <DCCReference Include="libraries\synapse\synsock.pas"/>
        <DCCReference Include="libraries\pascalcoin\UAppParams.pas"/>
        <DCCReference Include="libraries\pascalcoin\UFolderHelper.pas"/>
        <DCCReference Include="libraries\pascalcoin\UJSONFunctions.pas"/>
        <DCCReference Include="gui-classic\UGridUtils.pas"/>
        <DCCReference Include="core\UPoolMining.pas"/>
        <BuildConfiguration Include="Release">
            <Key>Cfg_2</Key>
            <CfgParent>Base</CfgParent>
        </BuildConfiguration>
        <BuildConfiguration Include="Base">
            <Key>Base</Key>
        </BuildConfiguration>
        <BuildConfiguration Include="Debug">
            <Key>Cfg_1</Key>
            <CfgParent>Base</CfgParent>
        </BuildConfiguration>
    </ItemGroup>
    <ProjectExtensions>
        <Borland.Personality>Delphi.Personality.12</Borland.Personality>
        <Borland.ProjectType>Application</Borland.ProjectType>
        <BorlandProject>
            <Delphi.Personality>
                <Source>
                    <Source Name="MainSource">PascalCoinWalletClassic.dpr</Source>
                </Source>
            </Delphi.Personality>
            <Deployment Version="3">
                <DeployFile LocalName="Win32\Debug\PascalCoinWalletClassic.exe" Configuration="Debug" Class="ProjectOutput">
                    <Platform Name="Win32">
                        <RemoteName>PascalCoinWalletClassic.exe</RemoteName>
                        <Overwrite>true</Overwrite>
                    </Platform>
                </DeployFile>
                <DeployClass Name="AdditionalDebugSymbols">
                    <Platform Name="iOSSimulator">
                        <Operation>1</Operation>
                    </Platform>
                    <Platform Name="OSX32">
                        <RemoteDir>Contents\MacOS</RemoteDir>
                        <Operation>1</Operation>
                    </Platform>
                    <Platform Name="Win32">
                        <RemoteDir>Contents\MacOS</RemoteDir>
                        <Operation>0</Operation>
                    </Platform>
                </DeployClass>
                <DeployClass Name="AndroidClassesDexFile">
                    <Platform Name="Android">
                        <RemoteDir>classes</RemoteDir>
                        <Operation>1</Operation>
                    </Platform>
                </DeployClass>
                <DeployClass Name="AndroidGDBServer">
                    <Platform Name="Android">
                        <RemoteDir>library\lib\armeabi-v7a</RemoteDir>
                        <Operation>1</Operation>
                    </Platform>
                </DeployClass>
                <DeployClass Name="AndroidLibnativeArmeabiFile">
                    <Platform Name="Android">
                        <RemoteDir>library\lib\armeabi</RemoteDir>
                        <Operation>1</Operation>
                    </Platform>
                </DeployClass>
                <DeployClass Name="AndroidLibnativeMipsFile">
                    <Platform Name="Android">
                        <RemoteDir>library\lib\mips</RemoteDir>
                        <Operation>1</Operation>
                    </Platform>
                </DeployClass>
                <DeployClass Name="AndroidServiceOutput">
                    <Platform Name="Android">
                        <RemoteDir>library\lib\armeabi-v7a</RemoteDir>
                        <Operation>1</Operation>
                    </Platform>
                </DeployClass>
                <DeployClass Name="AndroidSplashImageDef">
                    <Platform Name="Android">
                        <RemoteDir>res\drawable</RemoteDir>
                        <Operation>1</Operation>
                    </Platform>
                </DeployClass>
                <DeployClass Name="AndroidSplashStyles">
                    <Platform Name="Android">
                        <RemoteDir>res\values</RemoteDir>
                        <Operation>1</Operation>
                    </Platform>
                </DeployClass>
                <DeployClass Name="Android_DefaultAppIcon">
                    <Platform Name="Android">
                        <RemoteDir>res\drawable</RemoteDir>
                        <Operation>1</Operation>
                    </Platform>
                </DeployClass>
                <DeployClass Name="Android_LauncherIcon144">
                    <Platform Name="Android">
                        <RemoteDir>res\drawable-xxhdpi</RemoteDir>
                        <Operation>1</Operation>
                    </Platform>
                </DeployClass>
                <DeployClass Name="Android_LauncherIcon36">
                    <Platform Name="Android">
                        <RemoteDir>res\drawable-ldpi</RemoteDir>
                        <Operation>1</Operation>
                    </Platform>
                </DeployClass>
                <DeployClass Name="Android_LauncherIcon48">
                    <Platform Name="Android">
                        <RemoteDir>res\drawable-mdpi</RemoteDir>
                        <Operation>1</Operation>
                    </Platform>
                </DeployClass>
                <DeployClass Name="Android_LauncherIcon72">
                    <Platform Name="Android">
                        <RemoteDir>res\drawable-hdpi</RemoteDir>
                        <Operation>1</Operation>
                    </Platform>
                </DeployClass>
                <DeployClass Name="Android_LauncherIcon96">
                    <Platform Name="Android">
                        <RemoteDir>res\drawable-xhdpi</RemoteDir>
                        <Operation>1</Operation>
                    </Platform>
                </DeployClass>
                <DeployClass Name="Android_SplashImage426">
                    <Platform Name="Android">
                        <RemoteDir>res\drawable-small</RemoteDir>
                        <Operation>1</Operation>
                    </Platform>
                </DeployClass>
                <DeployClass Name="Android_SplashImage470">
                    <Platform Name="Android">
                        <RemoteDir>res\drawable-normal</RemoteDir>
                        <Operation>1</Operation>
                    </Platform>
                </DeployClass>
                <DeployClass Name="Android_SplashImage640">
                    <Platform Name="Android">
                        <RemoteDir>res\drawable-large</RemoteDir>
                        <Operation>1</Operation>
                    </Platform>
                </DeployClass>
                <DeployClass Name="Android_SplashImage960">
                    <Platform Name="Android">
                        <RemoteDir>res\drawable-xlarge</RemoteDir>
                        <Operation>1</Operation>
                    </Platform>
                </DeployClass>
                <DeployClass Name="DebugSymbols">
                    <Platform Name="iOSSimulator">
                        <Operation>1</Operation>
                    </Platform>
                    <Platform Name="OSX32">
                        <RemoteDir>Contents\MacOS</RemoteDir>
                        <Operation>1</Operation>
                    </Platform>
                    <Platform Name="Win32">
                        <Operation>0</Operation>
                    </Platform>
                </DeployClass>
                <DeployClass Name="DependencyFramework">
                    <Platform Name="OSX32">
                        <RemoteDir>Contents\MacOS</RemoteDir>
                        <Operation>1</Operation>
                        <Extensions>.framework</Extensions>
                    </Platform>
                    <Platform Name="Win32">
                        <Operation>0</Operation>
                    </Platform>
                </DeployClass>
                <DeployClass Name="DependencyModule">
                    <Platform Name="iOSDevice32">
                        <Operation>1</Operation>
                        <Extensions>.dylib</Extensions>
                    </Platform>
                    <Platform Name="iOSDevice64">
                        <Operation>1</Operation>
                        <Extensions>.dylib</Extensions>
                    </Platform>
                    <Platform Name="iOSSimulator">
                        <Operation>1</Operation>
                        <Extensions>.dylib</Extensions>
                    </Platform>
                    <Platform Name="OSX32">
                        <RemoteDir>Contents\MacOS</RemoteDir>
                        <Operation>1</Operation>
                        <Extensions>.dylib</Extensions>
                    </Platform>
                    <Platform Name="Win32">
                        <Operation>0</Operation>
                        <Extensions>.dll;.bpl</Extensions>
                    </Platform>
                </DeployClass>
                <DeployClass Required="true" Name="DependencyPackage">
                    <Platform Name="iOSDevice32">
                        <Operation>1</Operation>
                        <Extensions>.dylib</Extensions>
                    </Platform>
                    <Platform Name="iOSDevice64">
                        <Operation>1</Operation>
                        <Extensions>.dylib</Extensions>
                    </Platform>
                    <Platform Name="iOSSimulator">
                        <Operation>1</Operation>
                        <Extensions>.dylib</Extensions>
                    </Platform>
                    <Platform Name="OSX32">
                        <RemoteDir>Contents\MacOS</RemoteDir>
                        <Operation>1</Operation>
                        <Extensions>.dylib</Extensions>
                    </Platform>
                    <Platform Name="Win32">
                        <Operation>0</Operation>
                        <Extensions>.bpl</Extensions>
                    </Platform>
                </DeployClass>
                <DeployClass Name="File">
                    <Platform Name="Android">
                        <Operation>0</Operation>
                    </Platform>
                    <Platform Name="iOSDevice32">
                        <Operation>0</Operation>
                    </Platform>
                    <Platform Name="iOSDevice64">
                        <Operation>0</Operation>
                    </Platform>
                    <Platform Name="iOSSimulator">
                        <Operation>0</Operation>
                    </Platform>
                    <Platform Name="OSX32">
                        <RemoteDir>Contents\Resources\StartUp\</RemoteDir>
                        <Operation>0</Operation>
                    </Platform>
                    <Platform Name="Win32">
                        <Operation>0</Operation>
                    </Platform>
                </DeployClass>
                <DeployClass Name="iPad_Launch1024">
                    <Platform Name="iOSDevice32">
                        <Operation>1</Operation>
                    </Platform>
                    <Platform Name="iOSDevice64">
                        <Operation>1</Operation>
                    </Platform>
                    <Platform Name="iOSSimulator">
                        <Operation>1</Operation>
                    </Platform>
                </DeployClass>
                <DeployClass Name="iPad_Launch1536">
                    <Platform Name="iOSDevice32">
                        <Operation>1</Operation>
                    </Platform>
                    <Platform Name="iOSDevice64">
                        <Operation>1</Operation>
                    </Platform>
                    <Platform Name="iOSSimulator">
                        <Operation>1</Operation>
                    </Platform>
                </DeployClass>
                <DeployClass Name="iPad_Launch2048">
                    <Platform Name="iOSDevice32">
                        <Operation>1</Operation>
                    </Platform>
                    <Platform Name="iOSDevice64">
                        <Operation>1</Operation>
                    </Platform>
                    <Platform Name="iOSSimulator">
                        <Operation>1</Operation>
                    </Platform>
                </DeployClass>
                <DeployClass Name="iPad_Launch768">
                    <Platform Name="iOSDevice32">
                        <Operation>1</Operation>
                    </Platform>
                    <Platform Name="iOSDevice64">
                        <Operation>1</Operation>
                    </Platform>
                    <Platform Name="iOSSimulator">
                        <Operation>1</Operation>
                    </Platform>
                </DeployClass>
                <DeployClass Name="iPhone_Launch320">
                    <Platform Name="iOSDevice32">
                        <Operation>1</Operation>
                    </Platform>
                    <Platform Name="iOSDevice64">
                        <Operation>1</Operation>
                    </Platform>
                    <Platform Name="iOSSimulator">
                        <Operation>1</Operation>
                    </Platform>
                </DeployClass>
                <DeployClass Name="iPhone_Launch640">
                    <Platform Name="iOSDevice32">
                        <Operation>1</Operation>
                    </Platform>
                    <Platform Name="iOSDevice64">
                        <Operation>1</Operation>
                    </Platform>
                    <Platform Name="iOSSimulator">
                        <Operation>1</Operation>
                    </Platform>
                </DeployClass>
                <DeployClass Name="iPhone_Launch640x1136">
                    <Platform Name="iOSDevice32">
                        <Operation>1</Operation>
                    </Platform>
                    <Platform Name="iOSDevice64">
                        <Operation>1</Operation>
                    </Platform>
                    <Platform Name="iOSSimulator">
                        <Operation>1</Operation>
                    </Platform>
                </DeployClass>
                <DeployClass Name="ProjectAndroidManifest">
                    <Platform Name="Android">
                        <Operation>1</Operation>
                    </Platform>
                </DeployClass>
                <DeployClass Name="ProjectiOSDeviceDebug">
                    <Platform Name="iOSDevice32">
                        <RemoteDir>..\$(PROJECTNAME).app.dSYM\Contents\Resources\DWARF</RemoteDir>
                        <Operation>1</Operation>
                    </Platform>
                    <Platform Name="iOSDevice64">
                        <RemoteDir>..\$(PROJECTNAME).app.dSYM\Contents\Resources\DWARF</RemoteDir>
                        <Operation>1</Operation>
                    </Platform>
                </DeployClass>
                <DeployClass Name="ProjectiOSDeviceResourceRules">
                    <Platform Name="iOSDevice32">
                        <Operation>1</Operation>
                    </Platform>
                    <Platform Name="iOSDevice64">
                        <Operation>1</Operation>
                    </Platform>
                </DeployClass>
                <DeployClass Name="ProjectiOSEntitlements">
                    <Platform Name="iOSDevice32">
                        <RemoteDir>..\</RemoteDir>
                        <Operation>1</Operation>
                    </Platform>
                    <Platform Name="iOSDevice64">
                        <RemoteDir>..\</RemoteDir>
                        <Operation>1</Operation>
                    </Platform>
                </DeployClass>
                <DeployClass Name="ProjectiOSInfoPList">
                    <Platform Name="iOSDevice32">
                        <Operation>1</Operation>
                    </Platform>
                    <Platform Name="iOSDevice64">
                        <Operation>1</Operation>
                    </Platform>
                    <Platform Name="iOSSimulator">
                        <Operation>1</Operation>
                    </Platform>
                </DeployClass>
                <DeployClass Name="ProjectiOSResource">
                    <Platform Name="iOSDevice32">
                        <Operation>1</Operation>
                    </Platform>
                    <Platform Name="iOSDevice64">
                        <Operation>1</Operation>
                    </Platform>
                    <Platform Name="iOSSimulator">
                        <Operation>1</Operation>
                    </Platform>
                </DeployClass>
                <DeployClass Name="ProjectOSXEntitlements">
                    <Platform Name="OSX32">
                        <RemoteDir>..\</RemoteDir>
                        <Operation>1</Operation>
                    </Platform>
                </DeployClass>
                <DeployClass Name="ProjectOSXInfoPList">
                    <Platform Name="OSX32">
                        <RemoteDir>Contents</RemoteDir>
                        <Operation>1</Operation>
                    </Platform>
                </DeployClass>
                <DeployClass Name="ProjectOSXResource">
                    <Platform Name="OSX32">
                        <RemoteDir>Contents\Resources</RemoteDir>
                        <Operation>1</Operation>
                    </Platform>
                </DeployClass>
                <DeployClass Required="true" Name="ProjectOutput">
                    <Platform Name="Android">
                        <RemoteDir>library\lib\armeabi-v7a</RemoteDir>
                        <Operation>1</Operation>
                    </Platform>
                    <Platform Name="iOSDevice32">
                        <Operation>1</Operation>
                    </Platform>
                    <Platform Name="iOSDevice64">
                        <Operation>1</Operation>
                    </Platform>
                    <Platform Name="iOSSimulator">
                        <Operation>1</Operation>
                    </Platform>
                    <Platform Name="Linux64">
                        <Operation>1</Operation>
                    </Platform>
                    <Platform Name="OSX32">
                        <RemoteDir>Contents\MacOS</RemoteDir>
                        <Operation>1</Operation>
                    </Platform>
                    <Platform Name="Win32">
                        <Operation>0</Operation>
                    </Platform>
                </DeployClass>
                <DeployClass Name="ProjectUWPManifest">
                    <Platform Name="Win32">
                        <Operation>1</Operation>
                    </Platform>
                    <Platform Name="Win64">
                        <Operation>1</Operation>
                    </Platform>
                </DeployClass>
                <DeployClass Name="UWP_DelphiLogo150">
                    <Platform Name="Win32">
                        <RemoteDir>Assets</RemoteDir>
                        <Operation>1</Operation>
                    </Platform>
                    <Platform Name="Win64">
                        <RemoteDir>Assets</RemoteDir>
                        <Operation>1</Operation>
                    </Platform>
                </DeployClass>
                <DeployClass Name="UWP_DelphiLogo44">
                    <Platform Name="Win32">
                        <RemoteDir>Assets</RemoteDir>
                        <Operation>1</Operation>
                    </Platform>
                    <Platform Name="Win64">
                        <RemoteDir>Assets</RemoteDir>
                        <Operation>1</Operation>
                    </Platform>
                </DeployClass>
                <ProjectRoot Platform="iOSDevice64" Name="$(PROJECTNAME).app"/>
                <ProjectRoot Platform="Win64" Name="$(PROJECTNAME)"/>
                <ProjectRoot Platform="iOSDevice32" Name="$(PROJECTNAME).app"/>
                <ProjectRoot Platform="Linux64" Name="$(PROJECTNAME)"/>
                <ProjectRoot Platform="Win32" Name="$(PROJECTNAME)"/>
                <ProjectRoot Platform="OSX32" Name="$(PROJECTNAME).app"/>
                <ProjectRoot Platform="Android" Name="$(PROJECTNAME)"/>
                <ProjectRoot Platform="iOSSimulator" Name="$(PROJECTNAME).app"/>
            </Deployment>
            <Platforms>
                <Platform value="Win32">True</Platform>
                <Platform value="Win64">True</Platform>
            </Platforms>
        </BorlandProject>
        <ProjectFileVersion>12</ProjectFileVersion>
    </ProjectExtensions>
    <Import Project="$(BDS)\Bin\CodeGear.Delphi.Targets" Condition="Exists('$(BDS)\Bin\CodeGear.Delphi.Targets')"/>
    <Import Project="$(APPDATA)\Embarcadero\$(BDSAPPDATABASEDIR)\$(PRODUCTVERSION)\UserTools.proj" Condition="Exists('$(APPDATA)\Embarcadero\$(BDSAPPDATABASEDIR)\$(PRODUCTVERSION)\UserTools.proj')"/>
    <Import Project="$(MSBuildProjectName).deployproj" Condition="Exists('$(MSBuildProjectName).deployproj')"/>
</Project>
